
Microsoft Visual Studio Solution File, Format Version 12.00
# Visual Studio Version 17
VisualStudioVersion = 17.12.35707.178 d17.12
MinimumVisualStudioVersion = 10.0.40219.1
Project("{FAE04EC0-301F-11D3-BF4B-00C04F79EFBC}") = "JogoDeXadrez", "JogoDeXadrez\JogoDeXadrez.csproj", "{93CE2849-F3D1-4055-AB22-F3E7A297918F}"
EndProject
Global
	GlobalSection(SolutionConfigurationPlatforms) = preSolution
		Debug|Any CPU = Debug|Any CPU
		Release|Any CPU = Release|Any CPU
	EndGlobalSection
	GlobalSection(ProjectConfigurationPlatforms) = postSolution
		{93CE2849-F3D1-4055-AB22-F3E7A297918F}.Debug|Any CPU.ActiveCfg = Debug|Any CPU
		{93CE2849-F3D1-4055-AB22-F3E7A297918F}.Debug|Any CPU.Build.0 = Debug|Any CPU
		{93CE2849-F3D1-4055-AB22-F3E7A297918F}.Release|Any CPU.ActiveCfg = Release|Any CPU
		{93CE2849-F3D1-4055-AB22-F3E7A297918F}.Release|Any CPU.Build.0 = Release|Any CPU
	EndGlobalSection
	GlobalSection(SolutionProperties) = preSolution
		HideSolutionNode = FALSE
	EndGlobalSection
EndGlobal
